
Microsoft Visual Studio Solution File, Format Version 12.00
# Visual Studio Version 17
VisualStudioVersion = 17.2.32630.192
MinimumVisualStudioVersion = 10.0.40219.1
Project("{9A19103F-16F7-4668-BE54-9A1E7A4F7556}") = "BlazorForms", "BlazorForms\BlazorForms.csproj", "{D396A31B-A019-4A18-A247-0BD730746F69}"
EndProject
Project("{9A19103F-16F7-4668-BE54-9A1E7A4F7556}") = "BlazorFormsAPI", "BlazorFormsAPI\BlazorFormsAPI.csproj", "{A1AE6950-2321-411E-BACE-F267E65FADD4}"
EndProject
Project("{9A19103F-16F7-4668-BE54-9A1E7A4F7556}") = "BlazorTests", "BlazorTests\BlazorTests.csproj", "{2728006B-F6F9-48FB-BDDC-132C1E68D664}"
EndProject
Project("{9A19103F-16F7-4668-BE54-9A1E7A4F7556}") = "BlazorFormsAuthAPI", "BlazorFormsAuthAPI\BlazorFormsAuthAPI.csproj", "{18103B3E-3EF7-43DA-999B-30175C9117D0}"
EndProject
Project("{2150E333-8FDC-42A3-9474-1A3956D46DE8}") = "Client", "Client", "{533160D8-4B6E-4D2D-AAE2-72881F10BC77}"
EndProject
Project("{2150E333-8FDC-42A3-9474-1A3956D46DE8}") = "Services", "Services", "{648D6214-38E5-465E-BD26-79CCF11FC2F9}"
EndProject
Project("{2150E333-8FDC-42A3-9474-1A3956D46DE8}") = "Tests", "Tests", "{63E6E7F8-A3E1-4D00-8716-081CE8907E49}"
EndProject
Project("{FAE04EC0-301F-11D3-BF4B-00C04F79EFBC}") = "Shared", "Shared\Shared.csproj", "{1C5BEB93-2E2A-4A70-8AC5-0486AEB5E0CC}"
EndProject
Global
	GlobalSection(SolutionConfigurationPlatforms) = preSolution
		Debug|Any CPU = Debug|Any CPU
		Release|Any CPU = Release|Any CPU
	EndGlobalSection
	GlobalSection(ProjectConfigurationPlatforms) = postSolution
		{D396A31B-A019-4A18-A247-0BD730746F69}.Debug|Any CPU.ActiveCfg = Debug|Any CPU
		{D396A31B-A019-4A18-A247-0BD730746F69}.Debug|Any CPU.Build.0 = Debug|Any CPU
		{D396A31B-A019-4A18-A247-0BD730746F69}.Release|Any CPU.ActiveCfg = Release|Any CPU
		{D396A31B-A019-4A18-A247-0BD730746F69}.Release|Any CPU.Build.0 = Release|Any CPU
		{A1AE6950-2321-411E-BACE-F267E65FADD4}.Debug|Any CPU.ActiveCfg = Debug|Any CPU
		{A1AE6950-2321-411E-BACE-F267E65FADD4}.Debug|Any CPU.Build.0 = Debug|Any CPU
		{A1AE6950-2321-411E-BACE-F267E65FADD4}.Release|Any CPU.ActiveCfg = Release|Any CPU
		{A1AE6950-2321-411E-BACE-F267E65FADD4}.Release|Any CPU.Build.0 = Release|Any CPU
		{2728006B-F6F9-48FB-BDDC-132C1E68D664}.Debug|Any CPU.ActiveCfg = Debug|Any CPU
		{2728006B-F6F9-48FB-BDDC-132C1E68D664}.Debug|Any CPU.Build.0 = Debug|Any CPU
		{2728006B-F6F9-48FB-BDDC-132C1E68D664}.Release|Any CPU.ActiveCfg = Release|Any CPU
		{2728006B-F6F9-48FB-BDDC-132C1E68D664}.Release|Any CPU.Build.0 = Release|Any CPU
		{18103B3E-3EF7-43DA-999B-30175C9117D0}.Debug|Any CPU.ActiveCfg = Debug|Any CPU
		{18103B3E-3EF7-43DA-999B-30175C9117D0}.Debug|Any CPU.Build.0 = Debug|Any CPU
		{18103B3E-3EF7-43DA-999B-30175C9117D0}.Release|Any CPU.ActiveCfg = Release|Any CPU
		{18103B3E-3EF7-43DA-999B-30175C9117D0}.Release|Any CPU.Build.0 = Release|Any CPU
		{1C5BEB93-2E2A-4A70-8AC5-0486AEB5E0CC}.Debug|Any CPU.ActiveCfg = Debug|Any CPU
		{1C5BEB93-2E2A-4A70-8AC5-0486AEB5E0CC}.Debug|Any CPU.Build.0 = Debug|Any CPU
		{1C5BEB93-2E2A-4A70-8AC5-0486AEB5E0CC}.Release|Any CPU.ActiveCfg = Release|Any CPU
		{1C5BEB93-2E2A-4A70-8AC5-0486AEB5E0CC}.Release|Any CPU.Build.0 = Release|Any CPU
	EndGlobalSection
	GlobalSection(SolutionProperties) = preSolution
		HideSolutionNode = FALSE
	EndGlobalSection
	GlobalSection(NestedProjects) = preSolution
		{D396A31B-A019-4A18-A247-0BD730746F69} = {533160D8-4B6E-4D2D-AAE2-72881F10BC77}
		{A1AE6950-2321-411E-BACE-F267E65FADD4} = {648D6214-38E5-465E-BD26-79CCF11FC2F9}
		{2728006B-F6F9-48FB-BDDC-132C1E68D664} = {63E6E7F8-A3E1-4D00-8716-081CE8907E49}
		{18103B3E-3EF7-43DA-999B-30175C9117D0} = {648D6214-38E5-465E-BD26-79CCF11FC2F9}
		{1C5BEB93-2E2A-4A70-8AC5-0486AEB5E0CC} = {648D6214-38E5-465E-BD26-79CCF11FC2F9}
	EndGlobalSection
	GlobalSection(ExtensibilityGlobals) = postSolution
		SolutionGuid = {F7AFD013-1908-4562-AB3A-0F3F2BB56CE9}
	EndGlobalSection
EndGlobal
